
Microsoft Visual Studio Solution File, Format Version 11.00
# Visual C# Express 2010
Project("{FAE04EC0-301F-11D3-BF4B-00C04F79EFBC}") = "WPFMidiBand", "WPFMidiBand\WPFMidiBand.csproj", "{2DA38A19-3EFD-41F6-8261-0228EE5FF38A}"
EndProject
Global
	GlobalSection(SolutionConfigurationPlatforms) = preSolution
		Debug|x86 = Debug|x86
		Release|x86 = Release|x86
	EndGlobalSection
	GlobalSection(ProjectConfigurationPlatforms) = postSolution
		{2DA38A19-3EFD-41F6-8261-0228EE5FF38A}.Debug|x86.ActiveCfg = Debug|x86
		{2DA38A19-3EFD-41F6-8261-0228EE5FF38A}.Debug|x86.Build.0 = Debug|x86
		{2DA38A19-3EFD-41F6-8261-0228EE5FF38A}.Release|x86.ActiveCfg = Release|x86
		{2DA38A19-3EFD-41F6-8261-0228EE5FF38A}.Release|x86.Build.0 = Release|x86
	EndGlobalSection
	GlobalSection(SolutionProperties) = preSolution
		HideSolutionNode = FALSE
	EndGlobalSection
EndGlobal
